# THIS IS AN AUTOGENERATED FILE. DO NOT EDIT THIS FILE DIRECTLY.
# yarn lockfile v1


"@react-navigation/core@^7.10.1":
  version "7.10.1"
  resolved "https://registry.yarnpkg.com/@react-navigation/core/-/core-7.10.1.tgz#ec6c73fbae72f33960a0f1f6f0f838e3da90f271"
  integrity sha512-6+bdalOqfDzc968s3Xz7VaUpPzMKzVay48dW+C/cd6sga01Iqjp4XAzQ7FNHdT7wgJYdvZaBOAlyvnok0OsFZw==
  dependencies:
    "@react-navigation/routers" "^7.4.1"
    escape-string-regexp "^4.0.0"
    nanoid "^3.3.11"
    query-string "^7.1.3"
    react-is "^19.1.0"
    use-latest-callback "^0.2.4"
    use-sync-external-store "^1.5.0"

"@react-navigation/native@^7.1.11":
  version "7.1.11"
  resolved "https://registry.yarnpkg.com/@react-navigation/native/-/native-7.1.11.tgz#0f480b83ebfcb27efccdc6d44ce24f9a4cfa6d93"
  integrity sha512-f/UETxy2Nahr8jko9mSSRBvIaDubGc3M2yx5pWxMPxZgLkB4TqPB0O1OFdbcAuRDwLgzXXK+Joh7nTdGug9v2A==
  dependencies:
    "@react-navigation/core" "^7.10.1"
    escape-string-regexp "^4.0.0"
    fast-deep-equal "^3.1.3"
    nanoid "^3.3.11"
    use-latest-callback "^0.2.4"

"@react-navigation/routers@^7.4.1":
  version "7.4.1"
  resolved "https://registry.yarnpkg.com/@react-navigation/routers/-/routers-7.4.1.tgz#8bbce1cfc7080a8aa3588910a934ee11c3a72406"
  integrity sha512-42mZrMzQ0LfKxUb5OHIurYrPYyRsXFLolucILrvm21f0O40Sw0Ufh1bnn/jRqnxZZu7wvpUGIGYM8nS9zVE1Aw==
  dependencies:
    nanoid "^3.3.11"

decode-uri-component@^0.2.2:
  version "0.2.2"
  resolved "https://registry.yarnpkg.com/decode-uri-component/-/decode-uri-component-0.2.2.tgz#e69dbe25d37941171dd540e024c444cd5188e1e9"
  integrity sha512-FqUYQ+8o158GyGTrMFJms9qh3CqTKvAqgqsTnkLI8sKu0028orqBhxNMFkFen0zGyg6epACD32pjVk58ngIErQ==

escape-string-regexp@^4.0.0:
  version "4.0.0"
  resolved "https://registry.yarnpkg.com/escape-string-regexp/-/escape-string-regexp-4.0.0.tgz#14ba83a5d373e3d311e5afca29cf5bfad965bf34"
  integrity sha512-TtpcNJ3XAzx3Gq8sWRzJaVajRs0uVxA2YAkdb1jm2YkPz4G6egUFAyA3n5vtEIZefPk5Wa4UXbKuS5fKkJWdgA==

fast-deep-equal@^3.1.3:
  version "3.1.3"
  resolved "https://registry.yarnpkg.com/fast-deep-equal/-/fast-deep-equal-3.1.3.tgz#3a7d56b559d6cbc3eb512325244e619a65c6c525"
  integrity sha512-f3qQ9oQy9j2AhBe/H9VC91wLmKBCCU/gDOnKNAYG5hswO7BLKj09Hc5HYNz9cGI++xlpDCIgDaitVs03ATR84Q==

filter-obj@^1.1.0:
  version "1.1.0"
  resolved "https://registry.yarnpkg.com/filter-obj/-/filter-obj-1.1.0.tgz#9b311112bc6c6127a16e016c6c5d7f19e0805c5b"
  integrity sha512-8rXg1ZnX7xzy2NGDVkBVaAy+lSlPNwad13BtgSlLuxfIslyt5Vg64U7tFcCt4WS1R0hvtnQybT/IyCkGZ3DpXQ==

nanoid@^3.3.11:
  version "3.3.11"
  resolved "https://registry.yarnpkg.com/nanoid/-/nanoid-3.3.11.tgz#4f4f112cefbe303202f2199838128936266d185b"
  integrity sha512-N8SpfPUnUp1bK+PMYW8qSWdl9U+wwNWI4QKxOYDy9JAro3WMX7p2OeVRF9v+347pnakNevPmiHhNmZ2HbFA76w==

query-string@^7.1.3:
  version "7.1.3"
  resolved "https://registry.yarnpkg.com/query-string/-/query-string-7.1.3.tgz#a1cf90e994abb113a325804a972d98276fe02328"
  integrity sha512-hh2WYhq4fi8+b+/2Kg9CEge4fDPvHS534aOOvOZeQ3+Vf2mCFsaFBYj0i+iXcAq6I9Vzp5fjMFBlONvayDC1qg==
  dependencies:
    decode-uri-component "^0.2.2"
    filter-obj "^1.1.0"
    split-on-first "^1.0.0"
    strict-uri-encode "^2.0.0"

react-is@^19.1.0:
  version "19.1.0"
  resolved "https://registry.yarnpkg.com/react-is/-/react-is-19.1.0.tgz#805bce321546b7e14c084989c77022351bbdd11b"
  integrity sha512-Oe56aUPnkHyyDxxkvqtd7KkdQP5uIUfHxd5XTb3wE9d/kRnZLmKbDB0GWk919tdQ+mxxPtG6EAs6RMT6i1qtHg==

split-on-first@^1.0.0:
  version "1.1.0"
  resolved "https://registry.yarnpkg.com/split-on-first/-/split-on-first-1.1.0.tgz#f610afeee3b12bce1d0c30425e76398b78249a5f"
  integrity sha512-43ZssAJaMusuKWL8sKUBQXHWOpq8d6CfN/u1p4gUzfJkM05C8rxTmYrkIPTXapZpORA6LkkzcUulJ8FqA7Uudw==

strict-uri-encode@^2.0.0:
  version "2.0.0"
  resolved "https://registry.yarnpkg.com/strict-uri-encode/-/strict-uri-encode-2.0.0.tgz#b9c7330c7042862f6b142dc274bbcc5866ce3546"
  integrity sha512-QwiXZgpRcKkhTj2Scnn++4PKtWsH0kpzZ62L2R6c/LUVYv7hVnZqcg2+sMuT6R7Jusu1vviK/MFsu6kNJfWlEQ==

use-latest-callback@^0.2.4:
  version "0.2.4"
  resolved "https://registry.yarnpkg.com/use-latest-callback/-/use-latest-callback-0.2.4.tgz#35c0f028f85a3f4cf025b06011110e87cc18f57e"
  integrity sha512-LS2s2n1usUUnDq4oVh1ca6JFX9uSqUncTfAm44WMg0v6TxL7POUTk1B044NH8TeLkFbNajIsgDHcgNpNzZucdg==

use-sync-external-store@^1.5.0:
  version "1.5.0"
  resolved "https://registry.yarnpkg.com/use-sync-external-store/-/use-sync-external-store-1.5.0.tgz#55122e2a3edd2a6c106174c27485e0fd59bcfca0"
  integrity sha512-Rb46I4cGGVBmjamjphe8L/UnvJD+uPPtTkNvX5mZgqdbavhI4EbgIWJiIHXJ8bc/i9EQGPRh4DwEURJ552Do0A==
